
Microsoft Visual Studio Solution File, Format Version 12.00
# Visual Studio Version 16
VisualStudioVersion = 16.0.31205.134
MinimumVisualStudioVersion = 10.0.40219.1
Project("{FAE04EC0-301F-11D3-BF4B-00C04F79EFBC}") = "DeskretnaLab4", "DeskretnaLab4\DeskretnaLab4.csproj", "{F03D303B-D67F-46D7-A6E5-A5AFBD21F55E}"
EndProject
Global
	GlobalSection(SolutionConfigurationPlatforms) = preSolution
		Debug|Any CPU = Debug|Any CPU
		Release|Any CPU = Release|Any CPU
	EndGlobalSection
	GlobalSection(ProjectConfigurationPlatforms) = postSolution
		{F03D303B-D67F-46D7-A6E5-A5AFBD21F55E}.Debug|Any CPU.ActiveCfg = Debug|Any CPU
		{F03D303B-D67F-46D7-A6E5-A5AFBD21F55E}.Debug|Any CPU.Build.0 = Debug|Any CPU
		{F03D303B-D67F-46D7-A6E5-A5AFBD21F55E}.Release|Any CPU.ActiveCfg = Release|Any CPU
		{F03D303B-D67F-46D7-A6E5-A5AFBD21F55E}.Release|Any CPU.Build.0 = Release|Any CPU
	EndGlobalSection
	GlobalSection(SolutionProperties) = preSolution
		HideSolutionNode = FALSE
	EndGlobalSection
	GlobalSection(ExtensibilityGlobals) = postSolution
		SolutionGuid = {16E2138B-C8EF-44D4-BED1-AC1A7F896A0E}
	EndGlobalSection
EndGlobal
